
Microsoft Visual Studio Solution File, Format Version 12.00
# Visual Studio 15
VisualStudioVersion = 15.0.28010.2026
MinimumVisualStudioVersion = 10.0.40219.1
Project("{FAE04EC0-301F-11D3-BF4B-00C04F79EFBC}") = "Lab2", "Lab2\Lab2.csproj", "{FA40C7A4-1A77-4861-8657-D03092DB993E}"
EndProject
Global
	GlobalSection(SolutionConfigurationPlatforms) = preSolution
		Debug|Any CPU = Debug|Any CPU
		Release|Any CPU = Release|Any CPU
	EndGlobalSection
	GlobalSection(ProjectConfigurationPlatforms) = postSolution
		{FA40C7A4-1A77-4861-8657-D03092DB993E}.Debug|Any CPU.ActiveCfg = Debug|Any CPU
		{FA40C7A4-1A77-4861-8657-D03092DB993E}.Debug|Any CPU.Build.0 = Debug|Any CPU
		{FA40C7A4-1A77-4861-8657-D03092DB993E}.Release|Any CPU.ActiveCfg = Release|Any CPU
		{FA40C7A4-1A77-4861-8657-D03092DB993E}.Release|Any CPU.Build.0 = Release|Any CPU
	EndGlobalSection
	GlobalSection(SolutionProperties) = preSolution
		HideSolutionNode = FALSE
	EndGlobalSection
	GlobalSection(ExtensibilityGlobals) = postSolution
		SolutionGuid = {FA6EE72A-D342-48CE-B243-8AAC9626FE37}
	EndGlobalSection
EndGlobal
